
Microsoft Visual Studio Solution File, Format Version 12.00
# Visual Studio Version 17
VisualStudioVersion = 17.11.35222.181
MinimumVisualStudioVersion = 10.0.40219.1
Project("{9A19103F-16F7-4668-BE54-9A1E7A4F7556}") = "First Projects", "First Project\First Projects.csproj", "{FEA2307B-0563-4CCC-9873-E701119F3120}"
EndProject
Global
	GlobalSection(SolutionConfigurationPlatforms) = preSolution
		Debug|Any CPU = Debug|Any CPU
		Release|Any CPU = Release|Any CPU
	EndGlobalSection
	GlobalSection(ProjectConfigurationPlatforms) = postSolution
		{FEA2307B-0563-4CCC-9873-E701119F3120}.Debug|Any CPU.ActiveCfg = Debug|Any CPU
		{FEA2307B-0563-4CCC-9873-E701119F3120}.Debug|Any CPU.Build.0 = Debug|Any CPU
		{FEA2307B-0563-4CCC-9873-E701119F3120}.Release|Any CPU.ActiveCfg = Release|Any CPU
		{FEA2307B-0563-4CCC-9873-E701119F3120}.Release|Any CPU.Build.0 = Release|Any CPU
	EndGlobalSection
	GlobalSection(SolutionProperties) = preSolution
		HideSolutionNode = FALSE
	EndGlobalSection
	GlobalSection(ExtensibilityGlobals) = postSolution
		SolutionGuid = {5894AE09-81D1-4CB2-BA5E-A734BAE789FA}
	EndGlobalSection
EndGlobal
